
Microsoft Visual Studio Solution File, Format Version 12.00
# Visual Studio 15
VisualStudioVersion = 15.0.27703.2042
MinimumVisualStudioVersion = 10.0.40219.1
Project("{FAE04EC0-301F-11D3-BF4B-00C04F79EFBC}") = "ECommerceWebAppV1", "ECommerceWebAppV1\ECommerceWebAppV1.csproj", "{C0908D57-02FC-45BF-9D0F-EA93AABAB8B8}"
EndProject
Global
	GlobalSection(SolutionConfigurationPlatforms) = preSolution
		Debug|Any CPU = Debug|Any CPU
		Release|Any CPU = Release|Any CPU
	EndGlobalSection
	GlobalSection(ProjectConfigurationPlatforms) = postSolution
		{C0908D57-02FC-45BF-9D0F-EA93AABAB8B8}.Debug|Any CPU.ActiveCfg = Debug|Any CPU
		{C0908D57-02FC-45BF-9D0F-EA93AABAB8B8}.Debug|Any CPU.Build.0 = Debug|Any CPU
		{C0908D57-02FC-45BF-9D0F-EA93AABAB8B8}.Release|Any CPU.ActiveCfg = Release|Any CPU
		{C0908D57-02FC-45BF-9D0F-EA93AABAB8B8}.Release|Any CPU.Build.0 = Release|Any CPU
	EndGlobalSection
	GlobalSection(SolutionProperties) = preSolution
		HideSolutionNode = FALSE
	EndGlobalSection
	GlobalSection(ExtensibilityGlobals) = postSolution
		SolutionGuid = {5FFFC33F-6450-4280-B42F-15606D98B7D9}
	EndGlobalSection
EndGlobal
